github.com/joho/godotenv v1.3.0 h1:Zjp+RcGpHhGlrMbJzXTrZZPrWj+1vfm90La1wgB6Bhc=
github.com/joho/godotenv v1.3.0/go.mod h1:7hK45KPybAkOC6peb+G5yklZfMxEjkZhHbwpqxOKXbg=
github.com/qiniu/api.v7/v7 v7.6.0 h1:396UGG+AWLh80pIhpPNCgEzb04t4S8CGKxqvLkiQeZI=
github.com/qiniu/api.v7/v7 v7.6.0/go.mod h1:zg3DaqU8mVnoQSQmtC/Mr2wXTJIE7fvcup+7sMt58Q0=
