github.com/QcloudApi/qcloud_sign_golang v0.0.0-20141224014652-e4130a326409/go.mod h1:1pk82RBxDY/JZnPQrtqHlUFfCctgdorsd9M06fMynOM=
github.com/davecgh/go-spew v1.1.0/go.mod h1:J7Y8YcW2NihsgmVo/mv3lAwl/skON4iLHjSsI+c5H38=
github.com/google/go-querystring v1.0.0 h1:Xkwi/a1rcvNg1PPYe5vI8GbeBY/jrVuDX5ASuANWTrk=
github.com/google/go-querystring v1.0.0/go.mod h1:odCYkC5MyYFN7vkCjXpyrEuKhc/BUO6wN/zVPAxq5ck=
github.com/google/uuid v1.1.1 h1:Gkbcsh/GbpXz7lPftLA3P6TYMwjCLYm83jiFQZF/3gY=
github.com/google/uuid v1.1.1/go.mod h1:TIyPZe4MgqvfeYDBFedMoGGpEw/LqOeaOT+nhxU+yHo=
github.com/joho/godotenv v1.3.0 h1:Zjp+RcGpHhGlrMbJzXTrZZPrWj+1vfm90La1wgB6Bhc=
github.com/joho/godotenv v1.3.0/go.mod h1:7hK45KPybAkOC6peb+G5yklZfMxEjkZhHbwpqxOKXbg=
github.com/mozillazg/go-httpheader v0.2.1 h1:geV7TrjbL8KXSyvghnFm+NyTux/hxwueTSrwhe88TQQ=
github.com/mozillazg/go-httpheader v0.2.1/go.mod h1:jJ8xECTlalr6ValeXYdOF8fFUISeBAdw6E61aqQma60=
github.com/pmezard/go-difflib v1.0.0/go.mod h1:iKH77koFhYxTK1pcRnkKkqfTogsbg7gZNVY4sRDYZ/4=
github.com/qiniu/api.v7/v7 v7.6.0 h1:396UGG+AWLh80pIhpPNCgEzb04t4S8CGKxqvLkiQeZI=
github.com/qiniu/api.v7/v7 v7.6.0/go.mod h1:zg3DaqU8mVnoQSQmtC/Mr2wXTJIE7fvcup+7sMt58Q0=
github.com/stretchr/objx v0.1.0/go.mod h1:HFkY916IF+rwdDfMAkV7OtwuqBVzrE8GR6GFx+wExME=
github.com/stretchr/testify v1.3.0/go.mod h1:M5WIy9Dh21IEIfnGCwXGc5bZfKNJtfHm1UVUgZn+9EI=
github.com/tencentcloud/tencentcloud-sdk-go v1.0.49 h1:x3VnC4LcBp3Og+k9ja8xl/6NFSZ0afgPqzh5pv9SBCg=
github.com/tencentcloud/tencentcloud-sdk-go v1.0.49/go.mod h1:asUz5BPXxgoPGaRgZaVm1iGcUAuHyYUo1nXqKa83cvI=
github.com/tencentyun/cos-go-sdk-v5 v0.7.10 h1:hJPLdR4RPsnubB3M9qXNBeUbcOJMVANnO/L6Att/PZU=
github.com/tencentyun/cos-go-sdk-v5 v0.7.10/go.mod h1:wQBO5HdAkLjj2q6XQiIfDSP8DXDNrppDRw2Kp/1BODA=
